{
  "name": "ResMapDB",
  "lockfileVersion": 2,
  "requires": true,
  "packages": {
    "": {
      "dependencies": {
        "fs-web": "^1.0.1"
      }
    },
    "node_modules/fs-web": {
      "version": "1.0.1",
      "resolved": "https://registry.npmjs.org/fs-web/-/fs-web-1.0.1.tgz",
      "integrity": "sha512-PUVyPo4SUkGGF3IxFAlzFMCsBi9g9tiRaruN7Bqqy/JHGxCPcX9FiW3w9EnQSG5j/vy3aG+vXJWxaxY2SI4wig==",
      "dependencies": {
        "path": "git://github.com/component/path.git#7b4f23c38833a5232cd5e3d50ccb8cd13dbcd2f4"
      }
    },
    "node_modules/path": {
      "version": "1.0.0",
      "resolved": "git+ssh://git@github.com/component/path.git#7b4f23c38833a5232cd5e3d50ccb8cd13dbcd2f4",
      "integrity": "sha512-weCqFe+FoOstAysrn4Op/Ie201rkZecCASSgKTOY072Gf1FZGSetpv8PHGPEjXLQ5FrOSiu8LrU3CYe5cG+thQ=="
    }
  },
  "dependencies": {
    "fs-web": {
      "version": "1.0.1",
      "resolved": "https://registry.npmjs.org/fs-web/-/fs-web-1.0.1.tgz",
      "integrity": "sha512-PUVyPo4SUkGGF3IxFAlzFMCsBi9g9tiRaruN7Bqqy/JHGxCPcX9FiW3w9EnQSG5j/vy3aG+vXJWxaxY2SI4wig==",
      "requires": {
        "path": "git://github.com/component/path.git#7b4f23c38833a5232cd5e3d50ccb8cd13dbcd2f4"
      }
    },
    "path": {
      "version": "git+ssh://git@github.com/component/path.git#7b4f23c38833a5232cd5e3d50ccb8cd13dbcd2f4",
      "integrity": "sha512-weCqFe+FoOstAysrn4Op/Ie201rkZecCASSgKTOY072Gf1FZGSetpv8PHGPEjXLQ5FrOSiu8LrU3CYe5cG+thQ==",
      "from": "path@git://github.com/component/path.git#7b4f23c38833a5232cd5e3d50ccb8cd13dbcd2f4"
    }
  }
}
